
Microsoft Visual Studio Solution File, Format Version 12.00
# Visual Studio Version 17
VisualStudioVersion = 17.9.34902.65
MinimumVisualStudioVersion = 10.0.40219.1
Project("{9A19103F-16F7-4668-BE54-9A1E7A4F7556}") = "LabelerBot", "LabelerBot.csproj", "{6F804AA9-6EA6-4A0F-9DBE-8E5AC29DFF6E}"
EndProject
Global
	GlobalSection(SolutionConfigurationPlatforms) = preSolution
		Debug|Any CPU = Debug|Any CPU
		Release|Any CPU = Release|Any CPU
	EndGlobalSection
	GlobalSection(ProjectConfigurationPlatforms) = postSolution
		{6F804AA9-6EA6-4A0F-9DBE-8E5AC29DFF6E}.Debug|Any CPU.ActiveCfg = Debug|Any CPU
		{6F804AA9-6EA6-4A0F-9DBE-8E5AC29DFF6E}.Debug|Any CPU.Build.0 = Debug|Any CPU
		{6F804AA9-6EA6-4A0F-9DBE-8E5AC29DFF6E}.Release|Any CPU.ActiveCfg = Release|Any CPU
		{6F804AA9-6EA6-4A0F-9DBE-8E5AC29DFF6E}.Release|Any CPU.Build.0 = Release|Any CPU
	EndGlobalSection
	GlobalSection(SolutionProperties) = preSolution
		HideSolutionNode = FALSE
	EndGlobalSection
	GlobalSection(ExtensibilityGlobals) = postSolution
		SolutionGuid = {8A7F1789-5A22-4D03-9331-40E0D7F5B0AF}
	EndGlobalSection
EndGlobal
